
Microsoft Visual Studio Solution File, Format Version 12.00
# Visual Studio Version 17
VisualStudioVersion = 17.7.34202.233
MinimumVisualStudioVersion = 10.0.40219.1
Project("{FAE04EC0-301F-11D3-BF4B-00C04F79EFBC}") = "Projeto_extensao", "Projeto_extensao\Projeto_extensao.csproj", "{FC765BAD-57FF-4235-AA7F-E3A5903C302B}"
EndProject
Global
	GlobalSection(SolutionConfigurationPlatforms) = preSolution
		Debug|Any CPU = Debug|Any CPU
		Release|Any CPU = Release|Any CPU
	EndGlobalSection
	GlobalSection(ProjectConfigurationPlatforms) = postSolution
		{FC765BAD-57FF-4235-AA7F-E3A5903C302B}.Debug|Any CPU.ActiveCfg = Debug|Any CPU
		{FC765BAD-57FF-4235-AA7F-E3A5903C302B}.Debug|Any CPU.Build.0 = Debug|Any CPU
		{FC765BAD-57FF-4235-AA7F-E3A5903C302B}.Release|Any CPU.ActiveCfg = Release|Any CPU
		{FC765BAD-57FF-4235-AA7F-E3A5903C302B}.Release|Any CPU.Build.0 = Release|Any CPU
	EndGlobalSection
	GlobalSection(SolutionProperties) = preSolution
		HideSolutionNode = FALSE
	EndGlobalSection
	GlobalSection(ExtensibilityGlobals) = postSolution
		SolutionGuid = {14670165-85C9-4FD4-86F7-D89B24113DB6}
	EndGlobalSection
EndGlobal
